
Microsoft Visual Studio Solution File, Format Version 12.00
# Visual Studio Version 16
VisualStudioVersion = 16.0.31624.102
MinimumVisualStudioVersion = 10.0.40219.1
Project("{8BC9CEB8-8B4A-11D0-8D11-00A0C91BC942}") = "AsignmentIII", "AsignmentIII.vcxproj", "{84107660-6F0E-43F2-A3F3-2B5B33CDF173}"
EndProject
Global
	GlobalSection(SolutionConfigurationPlatforms) = preSolution
		Debug|x64 = Debug|x64
		Debug|x86 = Debug|x86
		Release|x64 = Release|x64
		Release|x86 = Release|x86
	EndGlobalSection
	GlobalSection(ProjectConfigurationPlatforms) = postSolution
		{84107660-6F0E-43F2-A3F3-2B5B33CDF173}.Debug|x64.ActiveCfg = Debug|x64
		{84107660-6F0E-43F2-A3F3-2B5B33CDF173}.Debug|x64.Build.0 = Debug|x64
		{84107660-6F0E-43F2-A3F3-2B5B33CDF173}.Debug|x86.ActiveCfg = Debug|Win32
		{84107660-6F0E-43F2-A3F3-2B5B33CDF173}.Debug|x86.Build.0 = Debug|Win32
		{84107660-6F0E-43F2-A3F3-2B5B33CDF173}.Release|x64.ActiveCfg = Release|x64
		{84107660-6F0E-43F2-A3F3-2B5B33CDF173}.Release|x64.Build.0 = Release|x64
		{84107660-6F0E-43F2-A3F3-2B5B33CDF173}.Release|x86.ActiveCfg = Release|Win32
		{84107660-6F0E-43F2-A3F3-2B5B33CDF173}.Release|x86.Build.0 = Release|Win32
	EndGlobalSection
	GlobalSection(SolutionProperties) = preSolution
		HideSolutionNode = FALSE
	EndGlobalSection
	GlobalSection(ExtensibilityGlobals) = postSolution
		SolutionGuid = {DB3CCEEF-2AAA-4152-9EFC-D10384CD9474}
	EndGlobalSection
EndGlobal
